
Microsoft Visual Studio Solution File, Format Version 12.00
Project("{FAE04EC0-301F-11D3-BF4B-00C04F79EFBC}") = "MoonLanding", "MoonLanding\MoonLanding.csproj", "{3E416580-E896-43B5-9F14-55B158461B34}"
EndProject
Project("{FAE04EC0-301F-11D3-BF4B-00C04F79EFBC}") = "Infrastructure", "Infrastructure\Infrastructure.csproj", "{DBEFA2F3-6FCF-4609-99E2-4EBF61E1A48B}"
EndProject
Project("{FAE04EC0-301F-11D3-BF4B-00C04F79EFBC}") = "Infrastructure.Tests", "Infrastructure.Tests\Infrastructure.Tests.csproj", "{ABC41CC9-5B5E-4E67-9E83-CC3C6D7BDC1D}"
EndProject
Global
	GlobalSection(SolutionConfigurationPlatforms) = preSolution
		Debug|Any CPU = Debug|Any CPU
		Release|Any CPU = Release|Any CPU
	EndGlobalSection
	GlobalSection(ProjectConfigurationPlatforms) = postSolution
		{3E416580-E896-43B5-9F14-55B158461B34}.Debug|Any CPU.ActiveCfg = Debug|Any CPU
		{3E416580-E896-43B5-9F14-55B158461B34}.Debug|Any CPU.Build.0 = Debug|Any CPU
		{3E416580-E896-43B5-9F14-55B158461B34}.Release|Any CPU.ActiveCfg = Release|Any CPU
		{3E416580-E896-43B5-9F14-55B158461B34}.Release|Any CPU.Build.0 = Release|Any CPU
		{DBEFA2F3-6FCF-4609-99E2-4EBF61E1A48B}.Debug|Any CPU.ActiveCfg = Debug|Any CPU
		{DBEFA2F3-6FCF-4609-99E2-4EBF61E1A48B}.Debug|Any CPU.Build.0 = Debug|Any CPU
		{DBEFA2F3-6FCF-4609-99E2-4EBF61E1A48B}.Release|Any CPU.ActiveCfg = Release|Any CPU
		{DBEFA2F3-6FCF-4609-99E2-4EBF61E1A48B}.Release|Any CPU.Build.0 = Release|Any CPU
		{ABC41CC9-5B5E-4E67-9E83-CC3C6D7BDC1D}.Debug|Any CPU.ActiveCfg = Debug|Any CPU
		{ABC41CC9-5B5E-4E67-9E83-CC3C6D7BDC1D}.Debug|Any CPU.Build.0 = Debug|Any CPU
		{ABC41CC9-5B5E-4E67-9E83-CC3C6D7BDC1D}.Release|Any CPU.ActiveCfg = Release|Any CPU
		{ABC41CC9-5B5E-4E67-9E83-CC3C6D7BDC1D}.Release|Any CPU.Build.0 = Release|Any CPU
	EndGlobalSection
EndGlobal
