
Microsoft Visual Studio Solution File, Format Version 12.00
# Visual Studio 15
VisualStudioVersion = 15.0.27428.2043
MinimumVisualStudioVersion = 10.0.40219.1
Project("{FAE04EC0-301F-11D3-BF4B-00C04F79EFBC}") = "MoonLanding", "MoonLanding\MoonLanding.csproj", "{3E416580-E896-43B5-9F14-55B158461B34}"
EndProject
Project("{FAE04EC0-301F-11D3-BF4B-00C04F79EFBC}") = "Core", "Core\Core.csproj", "{E78346DC-DA93-44EC-A561-79309AFE6D50}"
EndProject
Project("{FAE04EC0-301F-11D3-BF4B-00C04F79EFBC}") = "Core.Tests", "Core.Tests\Core.Tests.csproj", "{9CDF77E4-8449-4D66-937B-8F198D8E26FF}"
EndProject
Project("{FAE04EC0-301F-11D3-BF4B-00C04F79EFBC}") = "Editor", "Editor\Editor.csproj", "{001A520A-FF47-4A03-ABA8-567E7642963C}"
EndProject
Global
	GlobalSection(SolutionConfigurationPlatforms) = preSolution
		Debug|Any CPU = Debug|Any CPU
		Release|Any CPU = Release|Any CPU
	EndGlobalSection
	GlobalSection(ProjectConfigurationPlatforms) = postSolution
		{3E416580-E896-43B5-9F14-55B158461B34}.Debug|Any CPU.ActiveCfg = Debug|Any CPU
		{3E416580-E896-43B5-9F14-55B158461B34}.Debug|Any CPU.Build.0 = Debug|Any CPU
		{3E416580-E896-43B5-9F14-55B158461B34}.Release|Any CPU.ActiveCfg = Release|Any CPU
		{3E416580-E896-43B5-9F14-55B158461B34}.Release|Any CPU.Build.0 = Release|Any CPU
		{E78346DC-DA93-44EC-A561-79309AFE6D50}.Debug|Any CPU.ActiveCfg = Debug|Any CPU
		{E78346DC-DA93-44EC-A561-79309AFE6D50}.Debug|Any CPU.Build.0 = Debug|Any CPU
		{E78346DC-DA93-44EC-A561-79309AFE6D50}.Release|Any CPU.ActiveCfg = Release|Any CPU
		{E78346DC-DA93-44EC-A561-79309AFE6D50}.Release|Any CPU.Build.0 = Release|Any CPU
		{9CDF77E4-8449-4D66-937B-8F198D8E26FF}.Debug|Any CPU.ActiveCfg = Debug|Any CPU
		{9CDF77E4-8449-4D66-937B-8F198D8E26FF}.Debug|Any CPU.Build.0 = Debug|Any CPU
		{9CDF77E4-8449-4D66-937B-8F198D8E26FF}.Release|Any CPU.ActiveCfg = Release|Any CPU
		{9CDF77E4-8449-4D66-937B-8F198D8E26FF}.Release|Any CPU.Build.0 = Release|Any CPU
		{001A520A-FF47-4A03-ABA8-567E7642963C}.Debug|Any CPU.ActiveCfg = Debug|Any CPU
		{001A520A-FF47-4A03-ABA8-567E7642963C}.Debug|Any CPU.Build.0 = Debug|Any CPU
		{001A520A-FF47-4A03-ABA8-567E7642963C}.Release|Any CPU.ActiveCfg = Release|Any CPU
		{001A520A-FF47-4A03-ABA8-567E7642963C}.Release|Any CPU.Build.0 = Release|Any CPU
	EndGlobalSection
	GlobalSection(SolutionProperties) = preSolution
		HideSolutionNode = FALSE
	EndGlobalSection
	GlobalSection(ExtensibilityGlobals) = postSolution
		SolutionGuid = {7AFF8CB8-1CB6-42B7-899B-B2F227BE0165}
	EndGlobalSection
EndGlobal
